
Microsoft Visual Studio Solution File, Format Version 12.00
# Visual Studio Version 16
VisualStudioVersion = 16.0.31624.102
MinimumVisualStudioVersion = 10.0.40219.1
Project("{FAE04EC0-301F-11D3-BF4B-00C04F79EFBC}") = "Product.API", "Product.API\Product.API.csproj", "{E6238BA6-711E-4C0C-A6D8-83D0046ACE78}"
EndProject
Project("{FAE04EC0-301F-11D3-BF4B-00C04F79EFBC}") = "Product.Types", "Product.Types\Product.Types.csproj", "{154C0217-A077-4A61-B49E-AD39195A1381}"
EndProject
Project("{FAE04EC0-301F-11D3-BF4B-00C04F79EFBC}") = "Product.Repositories", "Product.Repositories\Product.Repositories.csproj", "{37E067CE-0874-4FCE-8C8E-58EDC435F282}"
EndProject
Project("{FAE04EC0-301F-11D3-BF4B-00C04F79EFBC}") = "Product.Tests", "Product.Tests\Product.Tests.csproj", "{67C54477-716F-4355-8569-EE3C3C8C4B72}"
EndProject
Project("{FAE04EC0-301F-11D3-BF4B-00C04F79EFBC}") = "Product.Services", "Product.Services\Product.Services.csproj", "{6F8707A6-9A66-4058-9314-E8C77E8B47C7}"
EndProject
Project("{FAE04EC0-301F-11D3-BF4B-00C04F79EFBC}") = "Product.Utilities", "Product.Utilities\Product.Utilities.csproj", "{21DB8CC3-DF98-45EA-BBF9-9585051EE6C9}"
EndProject
Global
	GlobalSection(SolutionConfigurationPlatforms) = preSolution
		Debug|Any CPU = Debug|Any CPU
		Release|Any CPU = Release|Any CPU
	EndGlobalSection
	GlobalSection(ProjectConfigurationPlatforms) = postSolution
		{E6238BA6-711E-4C0C-A6D8-83D0046ACE78}.Debug|Any CPU.ActiveCfg = Debug|Any CPU
		{E6238BA6-711E-4C0C-A6D8-83D0046ACE78}.Debug|Any CPU.Build.0 = Debug|Any CPU
		{E6238BA6-711E-4C0C-A6D8-83D0046ACE78}.Release|Any CPU.ActiveCfg = Release|Any CPU
		{E6238BA6-711E-4C0C-A6D8-83D0046ACE78}.Release|Any CPU.Build.0 = Release|Any CPU
		{154C0217-A077-4A61-B49E-AD39195A1381}.Debug|Any CPU.ActiveCfg = Debug|Any CPU
		{154C0217-A077-4A61-B49E-AD39195A1381}.Debug|Any CPU.Build.0 = Debug|Any CPU
		{154C0217-A077-4A61-B49E-AD39195A1381}.Release|Any CPU.ActiveCfg = Release|Any CPU
		{154C0217-A077-4A61-B49E-AD39195A1381}.Release|Any CPU.Build.0 = Release|Any CPU
		{37E067CE-0874-4FCE-8C8E-58EDC435F282}.Debug|Any CPU.ActiveCfg = Debug|Any CPU
		{37E067CE-0874-4FCE-8C8E-58EDC435F282}.Debug|Any CPU.Build.0 = Debug|Any CPU
		{37E067CE-0874-4FCE-8C8E-58EDC435F282}.Release|Any CPU.ActiveCfg = Release|Any CPU
		{37E067CE-0874-4FCE-8C8E-58EDC435F282}.Release|Any CPU.Build.0 = Release|Any CPU
		{67C54477-716F-4355-8569-EE3C3C8C4B72}.Debug|Any CPU.ActiveCfg = Debug|Any CPU
		{67C54477-716F-4355-8569-EE3C3C8C4B72}.Debug|Any CPU.Build.0 = Debug|Any CPU
		{67C54477-716F-4355-8569-EE3C3C8C4B72}.Release|Any CPU.ActiveCfg = Release|Any CPU
		{67C54477-716F-4355-8569-EE3C3C8C4B72}.Release|Any CPU.Build.0 = Release|Any CPU
		{6F8707A6-9A66-4058-9314-E8C77E8B47C7}.Debug|Any CPU.ActiveCfg = Debug|Any CPU
		{6F8707A6-9A66-4058-9314-E8C77E8B47C7}.Debug|Any CPU.Build.0 = Debug|Any CPU
		{6F8707A6-9A66-4058-9314-E8C77E8B47C7}.Release|Any CPU.ActiveCfg = Release|Any CPU
		{6F8707A6-9A66-4058-9314-E8C77E8B47C7}.Release|Any CPU.Build.0 = Release|Any CPU
		{21DB8CC3-DF98-45EA-BBF9-9585051EE6C9}.Debug|Any CPU.ActiveCfg = Debug|Any CPU
		{21DB8CC3-DF98-45EA-BBF9-9585051EE6C9}.Debug|Any CPU.Build.0 = Debug|Any CPU
		{21DB8CC3-DF98-45EA-BBF9-9585051EE6C9}.Release|Any CPU.ActiveCfg = Release|Any CPU
		{21DB8CC3-DF98-45EA-BBF9-9585051EE6C9}.Release|Any CPU.Build.0 = Release|Any CPU
	EndGlobalSection
	GlobalSection(SolutionProperties) = preSolution
		HideSolutionNode = FALSE
	EndGlobalSection
	GlobalSection(ExtensibilityGlobals) = postSolution
		SolutionGuid = {2F99F574-AD1D-4102-92AA-46E2C765F798}
	EndGlobalSection
EndGlobal
